// !$*UTF8*$!
{
	archiveVersion = 1;
	classes = {
	};
	objectVersion = 55;
	objects = {

/* Begin PBXBuildFile section */
		2E00B9A52A3A97F30096E5A3 /* MainActorViewController.swift in Sources */ = {isa = PBXBuildFile; fileRef = 2E00B9A42A3A97F30096E5A3 /* MainActorViewController.swift */; };
		2E0ADBDE28B841290035A21B /* StackView.swift in Sources */ = {isa = PBXBuildFile; fileRef = 2E0ADBDD28B841290035A21B /* StackView.swift */; };
		2E0ADBE028B842220035A21B /* Main.swift in Sources */ = {isa = PBXBuildFile; fileRef = 2E0ADBDF28B842220035A21B /* Main.swift */; };
		2E0ADBE228B842780035A21B /* UIView.swift in Sources */ = {isa = PBXBuildFile; fileRef = 2E0ADBE128B842780035A21B /* UIView.swift */; };
		2E0ADBEA28B8A9F40035A21B /* TestCombineViewController.swift in Sources */ = {isa = PBXBuildFile; fileRef = 2E0ADBE928B8A9F40035A21B /* TestCombineViewController.swift */; };
		2E0D6BD328A14059001E0019 /* MultipleLinkTextViewController.swift in Sources */ = {isa = PBXBuildFile; fileRef = 2E0D6BD228A14059001E0019 /* MultipleLinkTextViewController.swift */; };
		2E0D6BD528A14BCB001E0019 /* TextViewContainer.swift in Sources */ = {isa = PBXBuildFile; fileRef = 2E0D6BD428A14BCB001E0019 /* TextViewContainer.swift */; };
		2E0D6BD728A238BC001E0019 /* UITapGestureRecognizer+Extension.swift in Sources */ = {isa = PBXBuildFile; fileRef = 2E0D6BD628A238BC001E0019 /* UITapGestureRecognizer+Extension.swift */; };
		2E3BB39A2874868F00BBB95C /* Date+Today.swift in Sources */ = {isa = PBXBuildFile; fileRef = 2E3BB3992874868F00BBB95C /* Date+Today.swift */; };
		2E3BB39F2876658F00BBB95C /* CollectionViewController+DataSource.swift in Sources */ = {isa = PBXBuildFile; fileRef = 2E3BB39E2876658F00BBB95C /* CollectionViewController+DataSource.swift */; };
		2E3BB3A32876CB2F00BBB95C /* String+Extension.swift in Sources */ = {isa = PBXBuildFile; fileRef = 2E3BB3A22876CB2F00BBB95C /* String+Extension.swift */; };
		2E548BFE28683118003BEC5D /* BottomPopUpViewController.swift in Sources */ = {isa = PBXBuildFile; fileRef = 2E548BFD28683118003BEC5D /* BottomPopUpViewController.swift */; };
		2E548C012868386B003BEC5D /* UIColor+Extension.swift in Sources */ = {isa = PBXBuildFile; fileRef = 2E548C002868386B003BEC5D /* UIColor+Extension.swift */; };
		2E62C80F295ADADA00C83C0C /* ResponderChainViewController.swift in Sources */ = {isa = PBXBuildFile; fileRef = 2E62C80E295ADADA00C83C0C /* ResponderChainViewController.swift */; };
		2E62C811295AE54300C83C0C /* TouchableResponderView.swift in Sources */ = {isa = PBXBuildFile; fileRef = 2E62C810295AE54300C83C0C /* TouchableResponderView.swift */; };
		2E62C814295AECC800C83C0C /* OverlappedViewController.swift in Sources */ = {isa = PBXBuildFile; fileRef = 2E62C813295AECC800C83C0C /* OverlappedViewController.swift */; };
		2EC15228288681FA00649ED4 /* ImageViewController.swift in Sources */ = {isa = PBXBuildFile; fileRef = 2EC15227288681FA00649ED4 /* ImageViewController.swift */; };
		2EC318D329EFEF2E0015A8B1 /* StudyUIViewViewController.swift in Sources */ = {isa = PBXBuildFile; fileRef = 2EC318D229EFEF2E0015A8B1 /* StudyUIViewViewController.swift */; };
		2EC58171285C2BE5001446C3 /* AppDelegate.swift in Sources */ = {isa = PBXBuildFile; fileRef = 2EC58170285C2BE5001446C3 /* AppDelegate.swift */; };
		2EC58173285C2BE5001446C3 /* SceneDelegate.swift in Sources */ = {isa = PBXBuildFile; fileRef = 2EC58172285C2BE5001446C3 /* SceneDelegate.swift */; };
		2EC58175285C2BE5001446C3 /* MainViewController.swift in Sources */ = {isa = PBXBuildFile; fileRef = 2EC58174285C2BE5001446C3 /* MainViewController.swift */; };
		2EC58178285C2BE5001446C3 /* Main.storyboard in Resources */ = {isa = PBXBuildFile; fileRef = 2EC58176285C2BE5001446C3 /* Main.storyboard */; };
		2EC5817A285C2BE6001446C3 /* Assets.xcassets in Resources */ = {isa = PBXBuildFile; fileRef = 2EC58179285C2BE6001446C3 /* Assets.xcassets */; };
		2EC5817D285C2BE6001446C3 /* LaunchScreen.storyboard in Resources */ = {isa = PBXBuildFile; fileRef = 2EC5817B285C2BE6001446C3 /* LaunchScreen.storyboard */; };
		2EC58188285C2BE6001446C3 /* StudyiOSTests.swift in Sources */ = {isa = PBXBuildFile; fileRef = 2EC58187285C2BE6001446C3 /* StudyiOSTests.swift */; };
		2EC58192285C2BE6001446C3 /* StudyiOSUITests.swift in Sources */ = {isa = PBXBuildFile; fileRef = 2EC58191285C2BE6001446C3 /* StudyiOSUITests.swift */; };
		2EC58194285C2BE6001446C3 /* StudyiOSUITestsLaunchTests.swift in Sources */ = {isa = PBXBuildFile; fileRef = 2EC58193285C2BE6001446C3 /* StudyiOSUITestsLaunchTests.swift */; };
		2EC581A1285C3756001446C3 /* PresentationStyleViewController.swift in Sources */ = {isa = PBXBuildFile; fileRef = 2EC581A0285C3756001446C3 /* PresentationStyleViewController.swift */; };
		2EC581A3285C696A001446C3 /* TabBarViewController.swift in Sources */ = {isa = PBXBuildFile; fileRef = 2EC581A2285C696A001446C3 /* TabBarViewController.swift */; };
		2EC581A5285C70CE001446C3 /* CollectionViewController.swift in Sources */ = {isa = PBXBuildFile; fileRef = 2EC581A4285C70CE001446C3 /* CollectionViewController.swift */; };
		2EC581A9285C76CA001446C3 /* Reminder.swift in Sources */ = {isa = PBXBuildFile; fileRef = 2EC581A8285C76CA001446C3 /* Reminder.swift */; };
		2EC581AC285C8F9D001446C3 /* ViewType.swift in Sources */ = {isa = PBXBuildFile; fileRef = 2EC581AB285C8F9D001446C3 /* ViewType.swift */; };
		2ECEEE9828E9D55500B55CCB /* NestedGroupViewController.swift in Sources */ = {isa = PBXBuildFile; fileRef = 2ECEEE9728E9D55500B55CCB /* NestedGroupViewController.swift */; };
		2ECEEE9A28E9E28200B55CCB /* RankOneCell.swift in Sources */ = {isa = PBXBuildFile; fileRef = 2ECEEE9928E9E28200B55CCB /* RankOneCell.swift */; };
/* End PBXBuildFile section */

/* Begin PBXContainerItemProxy section */
		2EC58184285C2BE6001446C3 /* PBXContainerItemProxy */ = {
			isa = PBXContainerItemProxy;
			containerPortal = 2EC58165285C2BE5001446C3 /* Project object */;
			proxyType = 1;
			remoteGlobalIDString = 2EC5816C285C2BE5001446C3;
			remoteInfo = StudyiOS;
		};
		2EC5818E285C2BE6001446C3 /* PBXContainerItemProxy */ = {
			isa = PBXContainerItemProxy;
			containerPortal = 2EC58165285C2BE5001446C3 /* Project object */;
			proxyType = 1;
			remoteGlobalIDString = 2EC5816C285C2BE5001446C3;
			remoteInfo = StudyiOS;
		};
/* End PBXContainerItemProxy section */

/* Begin PBXFileReference section */
		2E00B9A42A3A97F30096E5A3 /* MainActorViewController.swift */ = {isa = PBXFileReference; lastKnownFileType = sourcecode.swift; path = MainActorViewController.swift; sourceTree = "<group>"; };
		2E0ADBDD28B841290035A21B /* StackView.swift */ = {isa = PBXFileReference; lastKnownFileType = sourcecode.swift; path = StackView.swift; sourceTree = "<group>"; };
		2E0ADBDF28B842220035A21B /* Main.swift */ = {isa = PBXFileReference; lastKnownFileType = sourcecode.swift; path = Main.swift; sourceTree = "<group>"; };
		2E0ADBE128B842780035A21B /* UIView.swift */ = {isa = PBXFileReference; lastKnownFileType = sourcecode.swift; path = UIView.swift; sourceTree = "<group>"; };
		2E0ADBE928B8A9F40035A21B /* TestCombineViewController.swift */ = {isa = PBXFileReference; lastKnownFileType = sourcecode.swift; path = TestCombineViewController.swift; sourceTree = "<group>"; };
		2E0D6BD228A14059001E0019 /* MultipleLinkTextViewController.swift */ = {isa = PBXFileReference; lastKnownFileType = sourcecode.swift; path = MultipleLinkTextViewController.swift; sourceTree = "<group>"; };
		2E0D6BD428A14BCB001E0019 /* TextViewContainer.swift */ = {isa = PBXFileReference; lastKnownFileType = sourcecode.swift; path = TextViewContainer.swift; sourceTree = "<group>"; };
		2E0D6BD628A238BC001E0019 /* UITapGestureRecognizer+Extension.swift */ = {isa = PBXFileReference; lastKnownFileType = sourcecode.swift; path = "UITapGestureRecognizer+Extension.swift"; sourceTree = "<group>"; };
		2E3BB3992874868F00BBB95C /* Date+Today.swift */ = {isa = PBXFileReference; lastKnownFileType = sourcecode.swift; path = "Date+Today.swift"; sourceTree = "<group>"; };
		2E3BB39E2876658F00BBB95C /* CollectionViewController+DataSource.swift */ = {isa = PBXFileReference; lastKnownFileType = sourcecode.swift; path = "CollectionViewController+DataSource.swift"; sourceTree = "<group>"; };
		2E3BB3A22876CB2F00BBB95C /* String+Extension.swift */ = {isa = PBXFileReference; lastKnownFileType = sourcecode.swift; path = "String+Extension.swift"; sourceTree = "<group>"; };
		2E548BFD28683118003BEC5D /* BottomPopUpViewController.swift */ = {isa = PBXFileReference; lastKnownFileType = sourcecode.swift; path = BottomPopUpViewController.swift; sourceTree = "<group>"; };
		2E548C002868386B003BEC5D /* UIColor+Extension.swift */ = {isa = PBXFileReference; lastKnownFileType = sourcecode.swift; path = "UIColor+Extension.swift"; sourceTree = "<group>"; };
		2E62C80E295ADADA00C83C0C /* ResponderChainViewController.swift */ = {isa = PBXFileReference; lastKnownFileType = sourcecode.swift; path = ResponderChainViewController.swift; sourceTree = "<group>"; };
		2E62C810295AE54300C83C0C /* TouchableResponderView.swift */ = {isa = PBXFileReference; lastKnownFileType = sourcecode.swift; path = TouchableResponderView.swift; sourceTree = "<group>"; };
		2E62C813295AECC800C83C0C /* OverlappedViewController.swift */ = {isa = PBXFileReference; lastKnownFileType = sourcecode.swift; path = OverlappedViewController.swift; sourceTree = "<group>"; };
		2EC15227288681FA00649ED4 /* ImageViewController.swift */ = {isa = PBXFileReference; lastKnownFileType = sourcecode.swift; path = ImageViewController.swift; sourceTree = "<group>"; };
		2EC318D229EFEF2E0015A8B1 /* StudyUIViewViewController.swift */ = {isa = PBXFileReference; lastKnownFileType = sourcecode.swift; path = StudyUIViewViewController.swift; sourceTree = "<group>"; };
		2EC5816D285C2BE5001446C3 /* StudyiOS.app */ = {isa = PBXFileReference; explicitFileType = wrapper.application; includeInIndex = 0; path = StudyiOS.app; sourceTree = BUILT_PRODUCTS_DIR; };
		2EC58170285C2BE5001446C3 /* AppDelegate.swift */ = {isa = PBXFileReference; lastKnownFileType = sourcecode.swift; path = AppDelegate.swift; sourceTree = "<group>"; };
		2EC58172285C2BE5001446C3 /* SceneDelegate.swift */ = {isa = PBXFileReference; lastKnownFileType = sourcecode.swift; path = SceneDelegate.swift; sourceTree = "<group>"; };
		2EC58174285C2BE5001446C3 /* MainViewController.swift */ = {isa = PBXFileReference; lastKnownFileType = sourcecode.swift; path = MainViewController.swift; sourceTree = "<group>"; };
		2EC58177285C2BE5001446C3 /* Base */ = {isa = PBXFileReference; lastKnownFileType = file.storyboard; name = Base; path = Base.lproj/Main.storyboard; sourceTree = "<group>"; };
		2EC58179285C2BE6001446C3 /* Assets.xcassets */ = {isa = PBXFileReference; lastKnownFileType = folder.assetcatalog; path = Assets.xcassets; sourceTree = "<group>"; };
		2EC5817C285C2BE6001446C3 /* Base */ = {isa = PBXFileReference; lastKnownFileType = file.storyboard; name = Base; path = Base.lproj/LaunchScreen.storyboard; sourceTree = "<group>"; };
		2EC5817E285C2BE6001446C3 /* Info.plist */ = {isa = PBXFileReference; lastKnownFileType = text.plist.xml; path = Info.plist; sourceTree = "<group>"; };
		2EC58183285C2BE6001446C3 /* StudyiOSTests.xctest */ = {isa = PBXFileReference; explicitFileType = wrapper.cfbundle; includeInIndex = 0; path = StudyiOSTests.xctest; sourceTree = BUILT_PRODUCTS_DIR; };
		2EC58187285C2BE6001446C3 /* StudyiOSTests.swift */ = {isa = PBXFileReference; lastKnownFileType = sourcecode.swift; path = StudyiOSTests.swift; sourceTree = "<group>"; };
		2EC5818D285C2BE6001446C3 /* StudyiOSUITests.xctest */ = {isa = PBXFileReference; explicitFileType = wrapper.cfbundle; includeInIndex = 0; path = StudyiOSUITests.xctest; sourceTree = BUILT_PRODUCTS_DIR; };
		2EC58191285C2BE6001446C3 /* StudyiOSUITests.swift */ = {isa = PBXFileReference; lastKnownFileType = sourcecode.swift; path = StudyiOSUITests.swift; sourceTree = "<group>"; };
		2EC58193285C2BE6001446C3 /* StudyiOSUITestsLaunchTests.swift */ = {isa = PBXFileReference; lastKnownFileType = sourcecode.swift; path = StudyiOSUITestsLaunchTests.swift; sourceTree = "<group>"; };
		2EC581A0285C3756001446C3 /* PresentationStyleViewController.swift */ = {isa = PBXFileReference; lastKnownFileType = sourcecode.swift; path = PresentationStyleViewController.swift; sourceTree = "<group>"; };
		2EC581A2285C696A001446C3 /* TabBarViewController.swift */ = {isa = PBXFileReference; lastKnownFileType = sourcecode.swift; path = TabBarViewController.swift; sourceTree = "<group>"; };
		2EC581A4285C70CE001446C3 /* CollectionViewController.swift */ = {isa = PBXFileReference; lastKnownFileType = sourcecode.swift; path = CollectionViewController.swift; sourceTree = "<group>"; };
		2EC581A8285C76CA001446C3 /* Reminder.swift */ = {isa = PBXFileReference; lastKnownFileType = sourcecode.swift; path = Reminder.swift; sourceTree = "<group>"; };
		2EC581AB285C8F9D001446C3 /* ViewType.swift */ = {isa = PBXFileReference; lastKnownFileType = sourcecode.swift; path = ViewType.swift; sourceTree = "<group>"; };
		2ECEEE9728E9D55500B55CCB /* NestedGroupViewController.swift */ = {isa = PBXFileReference; lastKnownFileType = sourcecode.swift; path = NestedGroupViewController.swift; sourceTree = "<group>"; };
		2ECEEE9928E9E28200B55CCB /* RankOneCell.swift */ = {isa = PBXFileReference; lastKnownFileType = sourcecode.swift; path = RankOneCell.swift; sourceTree = "<group>"; };
/* End PBXFileReference section */

/* Begin PBXFrameworksBuildPhase section */
		2EC5816A285C2BE5001446C3 /* Frameworks */ = {
			isa = PBXFrameworksBuildPhase;
			buildActionMask = 2147483647;
			files = (
			);
			runOnlyForDeploymentPostprocessing = 0;
		};
		2EC58180285C2BE6001446C3 /* Frameworks */ = {
			isa = PBXFrameworksBuildPhase;
			buildActionMask = 2147483647;
			files = (
			);
			runOnlyForDeploymentPostprocessing = 0;
		};
		2EC5818A285C2BE6001446C3 /* Frameworks */ = {
			isa = PBXFrameworksBuildPhase;
			buildActionMask = 2147483647;
			files = (
			);
			runOnlyForDeploymentPostprocessing = 0;
		};
/* End PBXFrameworksBuildPhase section */

/* Begin PBXGroup section */
		2E00B9A32A3A97DC0096E5A3 /* SwiftConcurrency */ = {
			isa = PBXGroup;
			children = (
				2E00B9A42A3A97F30096E5A3 /* MainActorViewController.swift */,
			);
			path = SwiftConcurrency;
			sourceTree = "<group>";
		};
		2E0ADBDC28B8411B0035A21B /* DSL */ = {
			isa = PBXGroup;
			children = (
				2E0ADBDD28B841290035A21B /* StackView.swift */,
				2E0ADBDF28B842220035A21B /* Main.swift */,
				2E0ADBE128B842780035A21B /* UIView.swift */,
			);
			path = DSL;
			sourceTree = "<group>";
		};
		2E0ADBE828B8A9DC0035A21B /* Combine */ = {
			isa = PBXGroup;
			children = (
				2E0ADBE928B8A9F40035A21B /* TestCombineViewController.swift */,
			);
			path = Combine;
			sourceTree = "<group>";
		};
		2E0D6BD128A1403E001E0019 /* MultipleLinkTextViewController */ = {
			isa = PBXGroup;
			children = (
				2E0D6BD228A14059001E0019 /* MultipleLinkTextViewController.swift */,
				2E0D6BD428A14BCB001E0019 /* TextViewContainer.swift */,
			);
			path = MultipleLinkTextViewController;
			sourceTree = "<group>";
		};
		2E548BFC286830FC003BEC5D /* BottomPopUpViewController */ = {
			isa = PBXGroup;
			children = (
				2E548BFD28683118003BEC5D /* BottomPopUpViewController.swift */,
			);
			path = BottomPopUpViewController;
			sourceTree = "<group>";
		};
		2E548BFF2868385E003BEC5D /* Extension */ = {
			isa = PBXGroup;
			children = (
				2E548C002868386B003BEC5D /* UIColor+Extension.swift */,
				2E3BB3992874868F00BBB95C /* Date+Today.swift */,
				2E3BB3A22876CB2F00BBB95C /* String+Extension.swift */,
				2E0D6BD628A238BC001E0019 /* UITapGestureRecognizer+Extension.swift */,
			);
			path = Extension;
			sourceTree = "<group>";
		};
		2E62C80D295ADAC800C83C0C /* ResponderChain */ = {
			isa = PBXGroup;
			children = (
				2E62C80E295ADADA00C83C0C /* ResponderChainViewController.swift */,
				2E62C810295AE54300C83C0C /* TouchableResponderView.swift */,
			);
			path = ResponderChain;
			sourceTree = "<group>";
		};
		2E62C812295AEC9800C83C0C /* ResponderChain - OverlappedViews */ = {
			isa = PBXGroup;
			children = (
				2E62C813295AECC800C83C0C /* OverlappedViewController.swift */,
			);
			path = "ResponderChain - OverlappedViews";
			sourceTree = "<group>";
		};
		2EC318D129EFEE8C0015A8B1 /* UIView */ = {
			isa = PBXGroup;
			children = (
				2EC318D229EFEF2E0015A8B1 /* StudyUIViewViewController.swift */,
			);
			path = UIView;
			sourceTree = "<group>";
		};
		2EC58164285C2BE5001446C3 = {
			isa = PBXGroup;
			children = (
				2EC5816F285C2BE5001446C3 /* StudyiOS */,
				2EC58186285C2BE6001446C3 /* StudyiOSTests */,
				2EC58190285C2BE6001446C3 /* StudyiOSUITests */,
				2EC5816E285C2BE5001446C3 /* Products */,
			);
			sourceTree = "<group>";
		};
		2EC5816E285C2BE5001446C3 /* Products */ = {
			isa = PBXGroup;
			children = (
				2EC5816D285C2BE5001446C3 /* StudyiOS.app */,
				2EC58183285C2BE6001446C3 /* StudyiOSTests.xctest */,
				2EC5818D285C2BE6001446C3 /* StudyiOSUITests.xctest */,
			);
			name = Products;
			sourceTree = "<group>";
		};
		2EC5816F285C2BE5001446C3 /* StudyiOS */ = {
			isa = PBXGroup;
			children = (
				2E00B9A32A3A97DC0096E5A3 /* SwiftConcurrency */,
				2EC318D129EFEE8C0015A8B1 /* UIView */,
				2E62C812295AEC9800C83C0C /* ResponderChain - OverlappedViews */,
				2E62C80D295ADAC800C83C0C /* ResponderChain */,
				2E0ADBE828B8A9DC0035A21B /* Combine */,
				2E0ADBDC28B8411B0035A21B /* DSL */,
				2E0D6BD128A1403E001E0019 /* MultipleLinkTextViewController */,
				2E548BFF2868385E003BEC5D /* Extension */,
				2E548BFC286830FC003BEC5D /* BottomPopUpViewController */,
				2EC581AA285C8F75001446C3 /* MainViewController */,
				2EC581A6285C769C001446C3 /* CollectionViewController */,
				2EC58170285C2BE5001446C3 /* AppDelegate.swift */,
				2EC58172285C2BE5001446C3 /* SceneDelegate.swift */,
				2EC58176285C2BE5001446C3 /* Main.storyboard */,
				2EC58179285C2BE6001446C3 /* Assets.xcassets */,
				2EC5817B285C2BE6001446C3 /* LaunchScreen.storyboard */,
				2EC5817E285C2BE6001446C3 /* Info.plist */,
				2EC581A0285C3756001446C3 /* PresentationStyleViewController.swift */,
				2EC581A2285C696A001446C3 /* TabBarViewController.swift */,
				2EC15227288681FA00649ED4 /* ImageViewController.swift */,
			);
			path = StudyiOS;
			sourceTree = "<group>";
		};
		2EC58186285C2BE6001446C3 /* StudyiOSTests */ = {
			isa = PBXGroup;
			children = (
				2EC58187285C2BE6001446C3 /* StudyiOSTests.swift */,
			);
			path = StudyiOSTests;
			sourceTree = "<group>";
		};
		2EC58190285C2BE6001446C3 /* StudyiOSUITests */ = {
			isa = PBXGroup;
			children = (
				2EC58191285C2BE6001446C3 /* StudyiOSUITests.swift */,
				2EC58193285C2BE6001446C3 /* StudyiOSUITestsLaunchTests.swift */,
			);
			path = StudyiOSUITests;
			sourceTree = "<group>";
		};
		2EC581A6285C769C001446C3 /* CollectionViewController */ = {
			isa = PBXGroup;
			children = (
				2ECEEE9628E9D53B00B55CCB /* CompositionalLayout_NestedGroup */,
				2E3BB39E2876658F00BBB95C /* CollectionViewController+DataSource.swift */,
				2EC581A4285C70CE001446C3 /* CollectionViewController.swift */,
				2EC581A7285C76B4001446C3 /* Models */,
			);
			path = CollectionViewController;
			sourceTree = "<group>";
		};
		2EC581A7285C76B4001446C3 /* Models */ = {
			isa = PBXGroup;
			children = (
				2EC581A8285C76CA001446C3 /* Reminder.swift */,
			);
			path = Models;
			sourceTree = "<group>";
		};
		2EC581AA285C8F75001446C3 /* MainViewController */ = {
			isa = PBXGroup;
			children = (
				2EC581AB285C8F9D001446C3 /* ViewType.swift */,
				2EC58174285C2BE5001446C3 /* MainViewController.swift */,
			);
			path = MainViewController;
			sourceTree = "<group>";
		};
		2ECEEE9628E9D53B00B55CCB /* CompositionalLayout_NestedGroup */ = {
			isa = PBXGroup;
			children = (
				2ECEEE9728E9D55500B55CCB /* NestedGroupViewController.swift */,
				2ECEEE9928E9E28200B55CCB /* RankOneCell.swift */,
			);
			path = CompositionalLayout_NestedGroup;
			sourceTree = "<group>";
		};
/* End PBXGroup section */

/* Begin PBXNativeTarget section */
		2EC5816C285C2BE5001446C3 /* StudyiOS */ = {
			isa = PBXNativeTarget;
			buildConfigurationList = 2EC58197285C2BE6001446C3 /* Build configuration list for PBXNativeTarget "StudyiOS" */;
			buildPhases = (
				2EC58169285C2BE5001446C3 /* Sources */,
				2EC5816A285C2BE5001446C3 /* Frameworks */,
				2EC5816B285C2BE5001446C3 /* Resources */,
			);
			buildRules = (
			);
			dependencies = (
			);
			name = StudyiOS;
			productName = StudyiOS;
			productReference = 2EC5816D285C2BE5001446C3 /* StudyiOS.app */;
			productType = "com.apple.product-type.application";
		};
		2EC58182285C2BE6001446C3 /* StudyiOSTests */ = {
			isa = PBXNativeTarget;
			buildConfigurationList = 2EC5819A285C2BE6001446C3 /* Build configuration list for PBXNativeTarget "StudyiOSTests" */;
			buildPhases = (
				2EC5817F285C2BE6001446C3 /* Sources */,
				2EC58180285C2BE6001446C3 /* Frameworks */,
				2EC58181285C2BE6001446C3 /* Resources */,
			);
			buildRules = (
			);
			dependencies = (
				2EC58185285C2BE6001446C3 /* PBXTargetDependency */,
			);
			name = StudyiOSTests;
			productName = StudyiOSTests;
			productReference = 2EC58183285C2BE6001446C3 /* StudyiOSTests.xctest */;
			productType = "com.apple.product-type.bundle.unit-test";
		};
		2EC5818C285C2BE6001446C3 /* StudyiOSUITests */ = {
			isa = PBXNativeTarget;
			buildConfigurationList = 2EC5819D285C2BE6001446C3 /* Build configuration list for PBXNativeTarget "StudyiOSUITests" */;
			buildPhases = (
				2EC58189285C2BE6001446C3 /* Sources */,
				2EC5818A285C2BE6001446C3 /* Frameworks */,
				2EC5818B285C2BE6001446C3 /* Resources */,
			);
			buildRules = (
			);
			dependencies = (
				2EC5818F285C2BE6001446C3 /* PBXTargetDependency */,
			);
			name = StudyiOSUITests;
			productName = StudyiOSUITests;
			productReference = 2EC5818D285C2BE6001446C3 /* StudyiOSUITests.xctest */;
			productType = "com.apple.product-type.bundle.ui-testing";
		};
/* End PBXNativeTarget section */

/* Begin PBXProject section */
		2EC58165285C2BE5001446C3 /* Project object */ = {
			isa = PBXProject;
			attributes = {
				BuildIndependentTargetsInParallel = 1;
				LastSwiftUpdateCheck = 1320;
				LastUpgradeCheck = 1320;
				TargetAttributes = {
					2EC5816C285C2BE5001446C3 = {
						CreatedOnToolsVersion = 13.2.1;
					};
					2EC58182285C2BE6001446C3 = {
						CreatedOnToolsVersion = 13.2.1;
						TestTargetID = 2EC5816C285C2BE5001446C3;
					};
					2EC5818C285C2BE6001446C3 = {
						CreatedOnToolsVersion = 13.2.1;
						TestTargetID = 2EC5816C285C2BE5001446C3;
					};
				};
			};
			buildConfigurationList = 2EC58168285C2BE5001446C3 /* Build configuration list for PBXProject "StudyiOS" */;
			compatibilityVersion = "Xcode 13.0";
			developmentRegion = en;
			hasScannedForEncodings = 0;
			knownRegions = (
				en,
				Base,
			);
			mainGroup = 2EC58164285C2BE5001446C3;
			productRefGroup = 2EC5816E285C2BE5001446C3 /* Products */;
			projectDirPath = "";
			projectRoot = "";
			targets = (
				2EC5816C285C2BE5001446C3 /* StudyiOS */,
				2EC58182285C2BE6001446C3 /* StudyiOSTests */,
				2EC5818C285C2BE6001446C3 /* StudyiOSUITests */,
			);
		};
/* End PBXProject section */

/* Begin PBXResourcesBuildPhase section */
		2EC5816B285C2BE5001446C3 /* Resources */ = {
			isa = PBXResourcesBuildPhase;
			buildActionMask = 2147483647;
			files = (
				2EC5817D285C2BE6001446C3 /* LaunchScreen.storyboard in Resources */,
				2EC5817A285C2BE6001446C3 /* Assets.xcassets in Resources */,
				2EC58178285C2BE5001446C3 /* Main.storyboard in Resources */,
			);
			runOnlyForDeploymentPostprocessing = 0;
		};
		2EC58181285C2BE6001446C3 /* Resources */ = {
			isa = PBXResourcesBuildPhase;
			buildActionMask = 2147483647;
			files = (
			);
			runOnlyForDeploymentPostprocessing = 0;
		};
		2EC5818B285C2BE6001446C3 /* Resources */ = {
			isa = PBXResourcesBuildPhase;
			buildActionMask = 2147483647;
			files = (
			);
			runOnlyForDeploymentPostprocessing = 0;
		};
/* End PBXResourcesBuildPhase section */

/* Begin PBXSourcesBuildPhase section */
		2EC58169285C2BE5001446C3 /* Sources */ = {
			isa = PBXSourcesBuildPhase;
			buildActionMask = 2147483647;
			files = (
				2E0ADBE228B842780035A21B /* UIView.swift in Sources */,
				2E00B9A52A3A97F30096E5A3 /* MainActorViewController.swift in Sources */,
				2EC581A5285C70CE001446C3 /* CollectionViewController.swift in Sources */,
				2EC581A9285C76CA001446C3 /* Reminder.swift in Sources */,
				2ECEEE9828E9D55500B55CCB /* NestedGroupViewController.swift in Sources */,
				2E62C814295AECC800C83C0C /* OverlappedViewController.swift in Sources */,
				2E0D6BD328A14059001E0019 /* MultipleLinkTextViewController.swift in Sources */,
				2EC581A1285C3756001446C3 /* PresentationStyleViewController.swift in Sources */,
				2EC58175285C2BE5001446C3 /* MainViewController.swift in Sources */,
				2E0ADBDE28B841290035A21B /* StackView.swift in Sources */,
				2E0D6BD528A14BCB001E0019 /* TextViewContainer.swift in Sources */,
				2EC58171285C2BE5001446C3 /* AppDelegate.swift in Sources */,
				2E3BB39F2876658F00BBB95C /* CollectionViewController+DataSource.swift in Sources */,
				2E3BB3A32876CB2F00BBB95C /* String+Extension.swift in Sources */,
				2EC581A3285C696A001446C3 /* TabBarViewController.swift in Sources */,
				2EC581AC285C8F9D001446C3 /* ViewType.swift in Sources */,
				2E0ADBE028B842220035A21B /* Main.swift in Sources */,
				2E3BB39A2874868F00BBB95C /* Date+Today.swift in Sources */,
				2E62C80F295ADADA00C83C0C /* ResponderChainViewController.swift in Sources */,
				2EC58173285C2BE5001446C3 /* SceneDelegate.swift in Sources */,
				2E548BFE28683118003BEC5D /* BottomPopUpViewController.swift in Sources */,
				2EC318D329EFEF2E0015A8B1 /* StudyUIViewViewController.swift in Sources */,
				2EC15228288681FA00649ED4 /* ImageViewController.swift in Sources */,
				2ECEEE9A28E9E28200B55CCB /* RankOneCell.swift in Sources */,
				2E62C811295AE54300C83C0C /* TouchableResponderView.swift in Sources */,
				2E548C012868386B003BEC5D /* UIColor+Extension.swift in Sources */,
				2E0ADBEA28B8A9F40035A21B /* TestCombineViewController.swift in Sources */,
				2E0D6BD728A238BC001E0019 /* UITapGestureRecognizer+Extension.swift in Sources */,
			);
			runOnlyForDeploymentPostprocessing = 0;
		};
		2EC5817F285C2BE6001446C3 /* Sources */ = {
			isa = PBXSourcesBuildPhase;
			buildActionMask = 2147483647;
			files = (
				2EC58188285C2BE6001446C3 /* StudyiOSTests.swift in Sources */,
			);
			runOnlyForDeploymentPostprocessing = 0;
		};
		2EC58189285C2BE6001446C3 /* Sources */ = {
			isa = PBXSourcesBuildPhase;
			buildActionMask = 2147483647;
			files = (
				2EC58194285C2BE6001446C3 /* StudyiOSUITestsLaunchTests.swift in Sources */,
				2EC58192285C2BE6001446C3 /* StudyiOSUITests.swift in Sources */,
			);
			runOnlyForDeploymentPostprocessing = 0;
		};
/* End PBXSourcesBuildPhase section */

/* Begin PBXTargetDependency section */
		2EC58185285C2BE6001446C3 /* PBXTargetDependency */ = {
			isa = PBXTargetDependency;
			target = 2EC5816C285C2BE5001446C3 /* StudyiOS */;
			targetProxy = 2EC58184285C2BE6001446C3 /* PBXContainerItemProxy */;
		};
		2EC5818F285C2BE6001446C3 /* PBXTargetDependency */ = {
			isa = PBXTargetDependency;
			target = 2EC5816C285C2BE5001446C3 /* StudyiOS */;
			targetProxy = 2EC5818E285C2BE6001446C3 /* PBXContainerItemProxy */;
		};
/* End PBXTargetDependency section */

/* Begin PBXVariantGroup section */
		2EC58176285C2BE5001446C3 /* Main.storyboard */ = {
			isa = PBXVariantGroup;
			children = (
				2EC58177285C2BE5001446C3 /* Base */,
			);
			name = Main.storyboard;
			sourceTree = "<group>";
		};
		2EC5817B285C2BE6001446C3 /* LaunchScreen.storyboard */ = {
			isa = PBXVariantGroup;
			children = (
				2EC5817C285C2BE6001446C3 /* Base */,
			);
			name = LaunchScreen.storyboard;
			sourceTree = "<group>";
		};
/* End PBXVariantGroup section */

/* Begin XCBuildConfiguration section */
		2EC58195285C2BE6001446C3 /* Debug */ = {
			isa = XCBuildConfiguration;
			buildSettings = {
				ALWAYS_SEARCH_USER_PATHS = NO;
				CLANG_ANALYZER_NONNULL = YES;
				CLANG_ANALYZER_NUMBER_OBJECT_CONVERSION = YES_AGGRESSIVE;
				CLANG_CXX_LANGUAGE_STANDARD = "gnu++17";
				CLANG_CXX_LIBRARY = "libc++";
				CLANG_ENABLE_MODULES = YES;
				CLANG_ENABLE_OBJC_ARC = YES;
				CLANG_ENABLE_OBJC_WEAK = YES;
				CLANG_WARN_BLOCK_CAPTURE_AUTORELEASING = YES;
				CLANG_WARN_BOOL_CONVERSION = YES;
				CLANG_WARN_COMMA = YES;
				CLANG_WARN_CONSTANT_CONVERSION = YES;
				CLANG_WARN_DEPRECATED_OBJC_IMPLEMENTATIONS = YES;
				CLANG_WARN_DIRECT_OBJC_ISA_USAGE = YES_ERROR;
				CLANG_WARN_DOCUMENTATION_COMMENTS = YES;
				CLANG_WARN_EMPTY_BODY = YES;
				CLANG_WARN_ENUM_CONVERSION = YES;
				CLANG_WARN_INFINITE_RECURSION = YES;
				CLANG_WARN_INT_CONVERSION = YES;
				CLANG_WARN_NON_LITERAL_NULL_CONVERSION = YES;
				CLANG_WARN_OBJC_IMPLICIT_RETAIN_SELF = YES;
				CLANG_WARN_OBJC_LITERAL_CONVERSION = YES;
				CLANG_WARN_OBJC_ROOT_CLASS = YES_ERROR;
				CLANG_WARN_QUOTED_INCLUDE_IN_FRAMEWORK_HEADER = YES;
				CLANG_WARN_RANGE_LOOP_ANALYSIS = YES;
				CLANG_WARN_STRICT_PROTOTYPES = YES;
				CLANG_WARN_SUSPICIOUS_MOVE = YES;
				CLANG_WARN_UNGUARDED_AVAILABILITY = YES_AGGRESSIVE;
				CLANG_WARN_UNREACHABLE_CODE = YES;
				CLANG_WARN__DUPLICATE_METHOD_MATCH = YES;
				COPY_PHASE_STRIP = NO;
				DEBUG_INFORMATION_FORMAT = dwarf;
				ENABLE_STRICT_OBJC_MSGSEND = YES;
				ENABLE_TESTABILITY = YES;
				GCC_C_LANGUAGE_STANDARD = gnu11;
				GCC_DYNAMIC_NO_PIC = NO;
				GCC_NO_COMMON_BLOCKS = YES;
				GCC_OPTIMIZATION_LEVEL = 0;
				GCC_PREPROCESSOR_DEFINITIONS = (
					"DEBUG=1",
					"$(inherited)",
				);
				GCC_WARN_64_TO_32_BIT_CONVERSION = YES;
				GCC_WARN_ABOUT_RETURN_TYPE = YES_ERROR;
				GCC_WARN_UNDECLARED_SELECTOR = YES;
				GCC_WARN_UNINITIALIZED_AUTOS = YES_AGGRESSIVE;
				GCC_WARN_UNUSED_FUNCTION = YES;
				GCC_WARN_UNUSED_VARIABLE = YES;
				IPHONEOS_DEPLOYMENT_TARGET = 15.2;
				MTL_ENABLE_DEBUG_INFO = INCLUDE_SOURCE;
				MTL_FAST_MATH = YES;
				ONLY_ACTIVE_ARCH = YES;
				SDKROOT = iphoneos;
				SWIFT_ACTIVE_COMPILATION_CONDITIONS = DEBUG;
				SWIFT_OPTIMIZATION_LEVEL = "-Onone";
			};
			name = Debug;
		};
		2EC58196285C2BE6001446C3 /* Release */ = {
			isa = XCBuildConfiguration;
			buildSettings = {
				ALWAYS_SEARCH_USER_PATHS = NO;
				CLANG_ANALYZER_NONNULL = YES;
				CLANG_ANALYZER_NUMBER_OBJECT_CONVERSION = YES_AGGRESSIVE;
				CLANG_CXX_LANGUAGE_STANDARD = "gnu++17";
				CLANG_CXX_LIBRARY = "libc++";
				CLANG_ENABLE_MODULES = YES;
				CLANG_ENABLE_OBJC_ARC = YES;
				CLANG_ENABLE_OBJC_WEAK = YES;
				CLANG_WARN_BLOCK_CAPTURE_AUTORELEASING = YES;
				CLANG_WARN_BOOL_CONVERSION = YES;
				CLANG_WARN_COMMA = YES;
				CLANG_WARN_CONSTANT_CONVERSION = YES;
				CLANG_WARN_DEPRECATED_OBJC_IMPLEMENTATIONS = YES;
				CLANG_WARN_DIRECT_OBJC_ISA_USAGE = YES_ERROR;
				CLANG_WARN_DOCUMENTATION_COMMENTS = YES;
				CLANG_WARN_EMPTY_BODY = YES;
				CLANG_WARN_ENUM_CONVERSION = YES;
				CLANG_WARN_INFINITE_RECURSION = YES;
				CLANG_WARN_INT_CONVERSION = YES;
				CLANG_WARN_NON_LITERAL_NULL_CONVERSION = YES;
				CLANG_WARN_OBJC_IMPLICIT_RETAIN_SELF = YES;
				CLANG_WARN_OBJC_LITERAL_CONVERSION = YES;
				CLANG_WARN_OBJC_ROOT_CLASS = YES_ERROR;
				CLANG_WARN_QUOTED_INCLUDE_IN_FRAMEWORK_HEADER = YES;
				CLANG_WARN_RANGE_LOOP_ANALYSIS = YES;
				CLANG_WARN_STRICT_PROTOTYPES = YES;
				CLANG_WARN_SUSPICIOUS_MOVE = YES;
				CLANG_WARN_UNGUARDED_AVAILABILITY = YES_AGGRESSIVE;
				CLANG_WARN_UNREACHABLE_CODE = YES;
				CLANG_WARN__DUPLICATE_METHOD_MATCH = YES;
				COPY_PHASE_STRIP = NO;
				DEBUG_INFORMATION_FORMAT = "dwarf-with-dsym";
				ENABLE_NS_ASSERTIONS = NO;
				ENABLE_STRICT_OBJC_MSGSEND = YES;
				GCC_C_LANGUAGE_STANDARD = gnu11;
				GCC_NO_COMMON_BLOCKS = YES;
				GCC_WARN_64_TO_32_BIT_CONVERSION = YES;
				GCC_WARN_ABOUT_RETURN_TYPE = YES_ERROR;
				GCC_WARN_UNDECLARED_SELECTOR = YES;
				GCC_WARN_UNINITIALIZED_AUTOS = YES_AGGRESSIVE;
				GCC_WARN_UNUSED_FUNCTION = YES;
				GCC_WARN_UNUSED_VARIABLE = YES;
				IPHONEOS_DEPLOYMENT_TARGET = 15.2;
				MTL_ENABLE_DEBUG_INFO = NO;
				MTL_FAST_MATH = YES;
				SDKROOT = iphoneos;
				SWIFT_COMPILATION_MODE = wholemodule;
				SWIFT_OPTIMIZATION_LEVEL = "-O";
				VALIDATE_PRODUCT = YES;
			};
			name = Release;
		};
		2EC58198285C2BE6001446C3 /* Debug */ = {
			isa = XCBuildConfiguration;
			buildSettings = {
				ASSETCATALOG_COMPILER_APPICON_NAME = AppIcon;
				ASSETCATALOG_COMPILER_GLOBAL_ACCENT_COLOR_NAME = AccentColor;
				CODE_SIGN_STYLE = Automatic;
				CURRENT_PROJECT_VERSION = 1;
				DEVELOPMENT_TEAM = G49TCMH6D2;
				GENERATE_INFOPLIST_FILE = YES;
				INFOPLIST_FILE = StudyiOS/Info.plist;
				INFOPLIST_KEY_UIApplicationSupportsIndirectInputEvents = YES;
				INFOPLIST_KEY_UILaunchStoryboardName = LaunchScreen;
				INFOPLIST_KEY_UISupportedInterfaceOrientations = "UIInterfaceOrientationPortrait UIInterfaceOrientationPortraitUpsideDown UIInterfaceOrientationLandscapeLeft UIInterfaceOrientationLandscapeRight";
				INFOPLIST_KEY_UISupportedInterfaceOrientations_iPad = "UIInterfaceOrientationPortrait UIInterfaceOrientationPortraitUpsideDown UIInterfaceOrientationLandscapeLeft UIInterfaceOrientationLandscapeRight";
				INFOPLIST_KEY_UISupportedInterfaceOrientations_iPhone = "UIInterfaceOrientationPortrait UIInterfaceOrientationLandscapeLeft UIInterfaceOrientationLandscapeRight";
				LD_RUNPATH_SEARCH_PATHS = (
					"$(inherited)",
					"@executable_path/Frameworks",
				);
				MARKETING_VERSION = 1.0;
				PRODUCT_BUNDLE_IDENTIFIER = com.roadtos7.ios.StudyiOS;
				PRODUCT_NAME = "$(TARGET_NAME)";
				SWIFT_EMIT_LOC_STRINGS = YES;
				SWIFT_VERSION = 5.0;
				TARGETED_DEVICE_FAMILY = "1,2";
			};
			name = Debug;
		};
		2EC58199285C2BE6001446C3 /* Release */ = {
			isa = XCBuildConfiguration;
			buildSettings = {
				ASSETCATALOG_COMPILER_APPICON_NAME = AppIcon;
				ASSETCATALOG_COMPILER_GLOBAL_ACCENT_COLOR_NAME = AccentColor;
				CODE_SIGN_STYLE = Automatic;
				CURRENT_PROJECT_VERSION = 1;
				DEVELOPMENT_TEAM = G49TCMH6D2;
				GENERATE_INFOPLIST_FILE = YES;
				INFOPLIST_FILE = StudyiOS/Info.plist;
				INFOPLIST_KEY_UIApplicationSupportsIndirectInputEvents = YES;
				INFOPLIST_KEY_UILaunchStoryboardName = LaunchScreen;
				INFOPLIST_KEY_UISupportedInterfaceOrientations = "UIInterfaceOrientationPortrait UIInterfaceOrientationPortraitUpsideDown UIInterfaceOrientationLandscapeLeft UIInterfaceOrientationLandscapeRight";
				INFOPLIST_KEY_UISupportedInterfaceOrientations_iPad = "UIInterfaceOrientationPortrait UIInterfaceOrientationPortraitUpsideDown UIInterfaceOrientationLandscapeLeft UIInterfaceOrientationLandscapeRight";
				INFOPLIST_KEY_UISupportedInterfaceOrientations_iPhone = "UIInterfaceOrientationPortrait UIInterfaceOrientationLandscapeLeft UIInterfaceOrientationLandscapeRight";
				LD_RUNPATH_SEARCH_PATHS = (
					"$(inherited)",
					"@executable_path/Frameworks",
				);
				MARKETING_VERSION = 1.0;
				PRODUCT_BUNDLE_IDENTIFIER = com.roadtos7.ios.StudyiOS;
				PRODUCT_NAME = "$(TARGET_NAME)";
				SWIFT_EMIT_LOC_STRINGS = YES;
				SWIFT_VERSION = 5.0;
				TARGETED_DEVICE_FAMILY = "1,2";
			};
			name = Release;
		};
		2EC5819B285C2BE6001446C3 /* Debug */ = {
			isa = XCBuildConfiguration;
			buildSettings = {
				ALWAYS_EMBED_SWIFT_STANDARD_LIBRARIES = YES;
				BUNDLE_LOADER = "$(TEST_HOST)";
				CODE_SIGN_STYLE = Automatic;
				CURRENT_PROJECT_VERSION = 1;
				DEVELOPMENT_TEAM = G49TCMH6D2;
				GENERATE_INFOPLIST_FILE = YES;
				IPHONEOS_DEPLOYMENT_TARGET = 15.2;
				MARKETING_VERSION = 1.0;
				PRODUCT_BUNDLE_IDENTIFIER = com.roadtos7.ios.StudyiOSTests;
				PRODUCT_NAME = "$(TARGET_NAME)";
				SWIFT_EMIT_LOC_STRINGS = NO;
				SWIFT_VERSION = 5.0;
				TARGETED_DEVICE_FAMILY = "1,2";
				TEST_HOST = "$(BUILT_PRODUCTS_DIR)/StudyiOS.app/StudyiOS";
			};
			name = Debug;
		};
		2EC5819C285C2BE6001446C3 /* Release */ = {
			isa = XCBuildConfiguration;
			buildSettings = {
				ALWAYS_EMBED_SWIFT_STANDARD_LIBRARIES = YES;
				BUNDLE_LOADER = "$(TEST_HOST)";
				CODE_SIGN_STYLE = Automatic;
				CURRENT_PROJECT_VERSION = 1;
				DEVELOPMENT_TEAM = G49TCMH6D2;
				GENERATE_INFOPLIST_FILE = YES;
				IPHONEOS_DEPLOYMENT_TARGET = 15.2;
				MARKETING_VERSION = 1.0;
				PRODUCT_BUNDLE_IDENTIFIER = com.roadtos7.ios.StudyiOSTests;
				PRODUCT_NAME = "$(TARGET_NAME)";
				SWIFT_EMIT_LOC_STRINGS = NO;
				SWIFT_VERSION = 5.0;
				TARGETED_DEVICE_FAMILY = "1,2";
				TEST_HOST = "$(BUILT_PRODUCTS_DIR)/StudyiOS.app/StudyiOS";
			};
			name = Release;
		};
		2EC5819E285C2BE6001446C3 /* Debug */ = {
			isa = XCBuildConfiguration;
			buildSettings = {
				ALWAYS_EMBED_SWIFT_STANDARD_LIBRARIES = YES;
				CODE_SIGN_STYLE = Automatic;
				CURRENT_PROJECT_VERSION = 1;
				DEVELOPMENT_TEAM = G49TCMH6D2;
				GENERATE_INFOPLIST_FILE = YES;
				MARKETING_VERSION = 1.0;
				PRODUCT_BUNDLE_IDENTIFIER = com.roadtos7.ios.StudyiOSUITests;
				PRODUCT_NAME = "$(TARGET_NAME)";
				SWIFT_EMIT_LOC_STRINGS = NO;
				SWIFT_VERSION = 5.0;
				TARGETED_DEVICE_FAMILY = "1,2";
				TEST_TARGET_NAME = StudyiOS;
			};
			name = Debug;
		};
		2EC5819F285C2BE6001446C3 /* Release */ = {
			isa = XCBuildConfiguration;
			buildSettings = {
				ALWAYS_EMBED_SWIFT_STANDARD_LIBRARIES = YES;
				CODE_SIGN_STYLE = Automatic;
				CURRENT_PROJECT_VERSION = 1;
				DEVELOPMENT_TEAM = G49TCMH6D2;
				GENERATE_INFOPLIST_FILE = YES;
				MARKETING_VERSION = 1.0;
				PRODUCT_BUNDLE_IDENTIFIER = com.roadtos7.ios.StudyiOSUITests;
				PRODUCT_NAME = "$(TARGET_NAME)";
				SWIFT_EMIT_LOC_STRINGS = NO;
				SWIFT_VERSION = 5.0;
				TARGETED_DEVICE_FAMILY = "1,2";
				TEST_TARGET_NAME = StudyiOS;
			};
			name = Release;
		};
/* End XCBuildConfiguration section */

/* Begin XCConfigurationList section */
		2EC58168285C2BE5001446C3 /* Build configuration list for PBXProject "StudyiOS" */ = {
			isa = XCConfigurationList;
			buildConfigurations = (
				2EC58195285C2BE6001446C3 /* Debug */,
				2EC58196285C2BE6001446C3 /* Release */,
			);
			defaultConfigurationIsVisible = 0;
			defaultConfigurationName = Release;
		};
		2EC58197285C2BE6001446C3 /* Build configuration list for PBXNativeTarget "StudyiOS" */ = {
			isa = XCConfigurationList;
			buildConfigurations = (
				2EC58198285C2BE6001446C3 /* Debug */,
				2EC58199285C2BE6001446C3 /* Release */,
			);
			defaultConfigurationIsVisible = 0;
			defaultConfigurationName = Release;
		};
		2EC5819A285C2BE6001446C3 /* Build configuration list for PBXNativeTarget "StudyiOSTests" */ = {
			isa = XCConfigurationList;
			buildConfigurations = (
				2EC5819B285C2BE6001446C3 /* Debug */,
				2EC5819C285C2BE6001446C3 /* Release */,
			);
			defaultConfigurationIsVisible = 0;
			defaultConfigurationName = Release;
		};
		2EC5819D285C2BE6001446C3 /* Build configuration list for PBXNativeTarget "StudyiOSUITests" */ = {
			isa = XCConfigurationList;
			buildConfigurations = (
				2EC5819E285C2BE6001446C3 /* Debug */,
				2EC5819F285C2BE6001446C3 /* Release */,
			);
			defaultConfigurationIsVisible = 0;
			defaultConfigurationName = Release;
		};
/* End XCConfigurationList section */
	};
	rootObject = 2EC58165285C2BE5001446C3 /* Project object */;
}
